
Microsoft Visual Studio Solution File, Format Version 12.00
# Visual Studio Version 17
VisualStudioVersion = 17.7.34031.279
MinimumVisualStudioVersion = 10.0.40219.1
Project("{8BC9CEB8-8B4A-11D0-8D11-00A0C91BC942}") = "Task 10.2", "Task 10.2.vcxproj", "{76294ED0-53A4-42DF-9023-2C8FCD0FED6B}"
EndProject
Global
	GlobalSection(SolutionConfigurationPlatforms) = preSolution
		Debug|x64 = Debug|x64
		Debug|x86 = Debug|x86
		Release|x64 = Release|x64
		Release|x86 = Release|x86
	EndGlobalSection
	GlobalSection(ProjectConfigurationPlatforms) = postSolution
		{76294ED0-53A4-42DF-9023-2C8FCD0FED6B}.Debug|x64.ActiveCfg = Debug|x64
		{76294ED0-53A4-42DF-9023-2C8FCD0FED6B}.Debug|x64.Build.0 = Debug|x64
		{76294ED0-53A4-42DF-9023-2C8FCD0FED6B}.Debug|x86.ActiveCfg = Debug|Win32
		{76294ED0-53A4-42DF-9023-2C8FCD0FED6B}.Debug|x86.Build.0 = Debug|Win32
		{76294ED0-53A4-42DF-9023-2C8FCD0FED6B}.Release|x64.ActiveCfg = Release|x64
		{76294ED0-53A4-42DF-9023-2C8FCD0FED6B}.Release|x64.Build.0 = Release|x64
		{76294ED0-53A4-42DF-9023-2C8FCD0FED6B}.Release|x86.ActiveCfg = Release|Win32
		{76294ED0-53A4-42DF-9023-2C8FCD0FED6B}.Release|x86.Build.0 = Release|Win32
	EndGlobalSection
	GlobalSection(SolutionProperties) = preSolution
		HideSolutionNode = FALSE
	EndGlobalSection
	GlobalSection(ExtensibilityGlobals) = postSolution
		SolutionGuid = {15B672EA-7348-4142-9031-D19D1A1ACBA6}
	EndGlobalSection
EndGlobal
